# THIS IS AN AUTOGENERATED FILE. DO NOT EDIT THIS FILE DIRECTLY.
# yarn lockfile v1


"@sindresorhus/is@^0.6.0":
  version "0.6.0"
  resolved "http://cli-npm.heroku.com/@sindresorhus/is/-/is-0.6.0/383f456b26bc96c7889f0332079f4358b16c58dc.tgz#383f456b26bc96c7889f0332079f4358b16c58dc"

ansi-escapes@^3.0.0:
  version "3.0.0"
  resolved "http://cli-npm.heroku.com/ansi-escapes/-/ansi-escapes-3.0.0/ec3e8b4e9f8064fc02c3ac9b65f1c275bda8ef92.tgz#ec3e8b4e9f8064fc02c3ac9b65f1c275bda8ef92"

ansi-regex@^3.0.0:
  version "3.0.0"
  resolved "http://cli-npm.heroku.com/ansi-regex/-/ansi-regex-3.0.0/ed0317c322064f79466c02966bddb605ab37d998.tgz#ed0317c322064f79466c02966bddb605ab37d998"

ansi-styles@^3.1.0, ansi-styles@^3.2.0:
  version "3.2.0"
  resolved "http://cli-npm.heroku.com/ansi-styles/-/ansi-styles-3.2.0/c159b8d5be0f9e5a6f346dab94f16ce022161b88.tgz#c159b8d5be0f9e5a6f346dab94f16ce022161b88"
  dependencies:
    color-convert "^1.9.0"

ansicolors@~0.2.1:
  version "0.2.1"
  resolved "http://cli-npm.heroku.com/ansicolors/-/ansicolors-0.2.1/be089599097b74a5c9c4a84a0cdbcdb62bd87aef.tgz#be089599097b74a5c9c4a84a0cdbcdb62bd87aef"

cacheable-request@^2.1.1:
  version "2.1.4"
  resolved "http://cli-npm.heroku.com/cacheable-request/-/cacheable-request-2.1.4/0d808801b6342ad33c91df9d0b44dc09b91e5c3d.tgz#0d808801b6342ad33c91df9d0b44dc09b91e5c3d"
  dependencies:
    clone-response "1.0.2"
    get-stream "3.0.0"
    http-cache-semantics "3.8.1"
    keyv "3.0.0"
    lowercase-keys "1.0.0"
    normalize-url "2.0.1"
    responselike "1.0.2"

cardinal@^1.0.0:
  version "1.0.0"
  resolved "http://cli-npm.heroku.com/cardinal/-/cardinal-1.0.0/50e21c1b0aa37729f9377def196b5a9cec932ee9.tgz#50e21c1b0aa37729f9377def196b5a9cec932ee9"
  dependencies:
    ansicolors "~0.2.1"
    redeyed "~1.0.0"

chalk@^2.3.0:
  version "2.3.0"
  resolved "http://cli-npm.heroku.com/chalk/-/chalk-2.3.0/b5ea48efc9c1793dccc9b4767c93914d3f2d52ba.tgz#b5ea48efc9c1793dccc9b4767c93914d3f2d52ba"
  dependencies:
    ansi-styles "^3.1.0"
    escape-string-regexp "^1.0.5"
    supports-color "^4.0.0"

clone-response@1.0.2:
  version "1.0.2"
  resolved "http://cli-npm.heroku.com/clone-response/-/clone-response-1.0.2/d1dc973920314df67fbeb94223b4ee350239e96b.tgz#d1dc973920314df67fbeb94223b4ee350239e96b"
  dependencies:
    mimic-response "^1.0.0"

co-wait@0.0.0:
  version "0.0.0"
  resolved "http://cli-npm.heroku.com/co-wait/-/co-wait-0.0.0/c22372032218edbf6ed915e433546c21e445628b.tgz#c22372032218edbf6ed915e433546c21e445628b"

co@4.6.0, co@4.x, co@^4.6.0:
  version "4.6.0"
  resolved "http://cli-npm.heroku.com/co/-/co-4.6.0/6ea6bdf3d853ae54ccb8e47bfa0bf3f9031fb184.tgz#6ea6bdf3d853ae54ccb8e47bfa0bf3f9031fb184"

color-convert@^1.9.0:
  version "1.9.1"
  resolved "http://cli-npm.heroku.com/color-convert/-/color-convert-1.9.1/c1261107aeb2f294ebffec9ed9ecad529a6097ed.tgz#c1261107aeb2f294ebffec9ed9ecad529a6097ed"
  dependencies:
    color-name "^1.1.1"

color-name@^1.1.1:
  version "1.1.3"
  resolved "http://cli-npm.heroku.com/color-name/-/color-name-1.1.3/a7d0558bd89c42f795dd42328f740831ca53bc25/a7d0558bd89c42f795dd42328f740831ca53bc25.tgz#a7d0558bd89c42f795dd42328f740831ca53bc25"

core-util-is@~1.0.0:
  version "1.0.2"
  resolved "http://cli-npm.heroku.com/core-util-is/-/core-util-is-1.0.2/b5fd54220aa2bc5ab57aab7140c940754503c1a7.tgz#b5fd54220aa2bc5ab57aab7140c940754503c1a7"

decode-uri-component@^0.2.0:
  version "0.2.0"
  resolved "http://cli-npm.heroku.com/decode-uri-component/-/decode-uri-component-0.2.0/eb3913333458775cb84cd1a1fae062106bb87545.tgz#eb3913333458775cb84cd1a1fae062106bb87545"

decompress-response@^3.3.0:
  version "3.3.0"
  resolved "http://cli-npm.heroku.com/decompress-response/-/decompress-response-3.3.0/80a4dd323748384bfa248083622aedec982adff3.tgz#80a4dd323748384bfa248083622aedec982adff3"
  dependencies:
    mimic-response "^1.0.0"

duplexer3@^0.1.4:
  version "0.1.4"
  resolved "http://cli-npm.heroku.com/duplexer3/-/duplexer3-0.1.4/ee01dd1cac0ed3cbc7fdbea37dc0a8f1ce002ce2.tgz#ee01dd1cac0ed3cbc7fdbea37dc0a8f1ce002ce2"

escape-string-regexp@^1.0.5:
  version "1.0.5"
  resolved "http://cli-npm.heroku.com/escape-string-regexp/-/escape-string-regexp-1.0.5/1b61c0562190a8dff6ae3bb2cf0200ca130b86d4.tgz#1b61c0562190a8dff6ae3bb2cf0200ca130b86d4"

esprima@~3.0.0:
  version "3.0.0"
  resolved "http://cli-npm.heroku.com/esprima/-/esprima-3.0.0/53cf247acda77313e551c3aa2e73342d3fb4f7d9.tgz#53cf247acda77313e551c3aa2e73342d3fb4f7d9"

from2@^2.1.1:
  version "2.3.0"
  resolved "http://cli-npm.heroku.com/from2/-/from2-2.3.0/8bfb5502bde4a4d36cfdeea007fcca21d7e382af.tgz#8bfb5502bde4a4d36cfdeea007fcca21d7e382af"
  dependencies:
    inherits "^2.0.1"
    readable-stream "^2.0.0"

get-stream@3.0.0, get-stream@^3.0.0:
  version "3.0.0"
  resolved "http://cli-npm.heroku.com/get-stream/-/get-stream-3.0.0/8e943d1358dc37555054ecbe2edb05aa174ede14.tgz#8e943d1358dc37555054ecbe2edb05aa174ede14"

got@^8.0.1:
  version "8.0.1"
  resolved "http://cli-npm.heroku.com/got/-/got-8.0.1/6d7f8bb3eb99e5af912efe26a104476441e08e7f.tgz#6d7f8bb3eb99e5af912efe26a104476441e08e7f"
  dependencies:
    "@sindresorhus/is" "^0.6.0"
    cacheable-request "^2.1.1"
    decompress-response "^3.3.0"
    duplexer3 "^0.1.4"
    get-stream "^3.0.0"
    into-stream "^3.1.0"
    is-retry-allowed "^1.1.0"
    isurl "^1.0.0-alpha5"
    lowercase-keys "^1.0.0"
    mimic-response "^1.0.0"
    p-cancelable "^0.3.0"
    p-timeout "^2.0.1"
    pify "^3.0.0"
    safe-buffer "^5.1.1"
    timed-out "^4.0.1"
    url-parse-lax "^3.0.0"
    url-to-options "^1.0.1"

has-flag@^2.0.0:
  version "2.0.0"
  resolved "http://cli-npm.heroku.com/has-flag/-/has-flag-2.0.0/e8207af1cc7b30d446cc70b734b5e8be18f88d51.tgz#e8207af1cc7b30d446cc70b734b5e8be18f88d51"

has-symbol-support-x@^1.4.1:
  version "1.4.1"
  resolved "http://cli-npm.heroku.com/has-symbol-support-x/-/has-symbol-support-x-1.4.1/66ec2e377e0c7d7ccedb07a3a84d77510ff1bc4c.tgz#66ec2e377e0c7d7ccedb07a3a84d77510ff1bc4c"

has-to-string-tag-x@^1.2.0:
  version "1.4.1"
  resolved "http://cli-npm.heroku.com/has-to-string-tag-x/-/has-to-string-tag-x-1.4.1/a045ab383d7b4b2012a00148ab0aa5f290044d4d.tgz#a045ab383d7b4b2012a00148ab0aa5f290044d4d"
  dependencies:
    has-symbol-support-x "^1.4.1"

heroku-cli-addons@^1.2.26:
  version "1.2.26"
  resolved "http://cli-npm.heroku.com/heroku-cli-addons/-/heroku-cli-addons-1.2.26/17131b4c5a1906e79de16cf9cac6910ab8e43c4a.tgz#17131b4c5a1906e79de16cf9cac6910ab8e43c4a"
  dependencies:
    co "4.6.0"
    co-wait "0.0.0"
    heroku-cli-util "^6.2.0"
    lodash.flatten "4.4.0"
    lodash.groupby "4.6.0"
    lodash.memoize "4.1.2"
    lodash.merge "4.6.0"
    lodash.some "4.6.0"
    lodash.sortby "4.7.0"
    lodash.topairs "4.3.0"
    lodash.values "4.3.0"
    printf "0.2.5"

heroku-cli-util@^6.2.0:
  version "6.2.12"
  resolved "http://cli-npm.heroku.com/heroku-cli-util/-/heroku-cli-util-6.2.12/69acadba0983d98bbffa5f42ec1b48a7b9f35290.tgz#69acadba0983d98bbffa5f42ec1b48a7b9f35290"
  dependencies:
    ansi-escapes "^3.0.0"
    ansi-styles "^3.2.0"
    cardinal "^1.0.0"
    chalk "^2.3.0"
    co "^4.6.0"
    got "^8.0.1"
    heroku-client "^3.0.5"
    lodash.ary "^4.1.1"
    lodash.defaults "^4.2.0"
    lodash.get "^4.4.2"
    lodash.identity "^3.0.0"
    lodash.keys "^4.2.0"
    lodash.mapvalues "^4.6.0"
    lodash.noop "^3.0.1"
    lodash.partial "^4.2.1"
    lodash.pickby "^4.6.0"
    lodash.property "^4.4.2"
    lodash.repeat "^4.1.0"
    lodash.result "^4.5.2"
    netrc-parser "^2.0.5"
    opn "^3.0.3"
    strip-ansi "^4.0.0"
    supports-color "^5.1.0"
    tunnel-agent "^0.6.0"

heroku-client@^3.0.5:
  version "3.0.5"
  resolved "http://cli-npm.heroku.com/heroku-client/-/heroku-client-3.0.5/3a8a9445236cfc0e418bf795f51a2228610a575d.tgz#3a8a9445236cfc0e418bf795f51a2228610a575d"
  dependencies:
    is-retry-allowed "^1.0.0"
    tunnel-agent "^0.6.0"

http-cache-semantics@3.8.1:
  version "3.8.1"
  resolved "http://cli-npm.heroku.com/http-cache-semantics/-/http-cache-semantics-3.8.1/39b0e16add9b605bf0a9ef3d9daaf4843b4cacd2.tgz#39b0e16add9b605bf0a9ef3d9daaf4843b4cacd2"

inherits@^2.0.1, inherits@~2.0.3:
  version "2.0.3"
  resolved "http://cli-npm.heroku.com/inherits/-/inherits-2.0.3/633c2c83e3da42a502f52466022480f4208261de.tgz#633c2c83e3da42a502f52466022480f4208261de"

into-stream@^3.1.0:
  version "3.1.0"
  resolved "http://cli-npm.heroku.com/into-stream/-/into-stream-3.1.0/96fb0a936c12babd6ff1752a17d05616abd094c6.tgz#96fb0a936c12babd6ff1752a17d05616abd094c6"
  dependencies:
    from2 "^2.1.1"
    p-is-promise "^1.1.0"

is-object@^1.0.1:
  version "1.0.1"
  resolved "http://cli-npm.heroku.com/is-object/-/is-object-1.0.1/8952688c5ec2ffd6b03ecc85e769e02903083470.tgz#8952688c5ec2ffd6b03ecc85e769e02903083470"

is-plain-obj@^1.0.0:
  version "1.1.0"
  resolved "http://cli-npm.heroku.com/is-plain-obj/-/is-plain-obj-1.1.0/71a50c8429dfca773c92a390a4a03b39fcd51d3e.tgz#71a50c8429dfca773c92a390a4a03b39fcd51d3e"

is-retry-allowed@^1.0.0, is-retry-allowed@^1.1.0:
  version "1.1.0"
  resolved "http://cli-npm.heroku.com/is-retry-allowed/-/is-retry-allowed-1.1.0/11a060568b67339444033d0125a61a20d564fb34.tgz#11a060568b67339444033d0125a61a20d564fb34"

isarray@~1.0.0:
  version "1.0.0"
  resolved "http://cli-npm.heroku.com/isarray/-/isarray-1.0.0/bb935d48582cba168c06834957a54a3e07124f11.tgz#bb935d48582cba168c06834957a54a3e07124f11"

isurl@^1.0.0-alpha5:
  version "1.0.0"
  resolved "http://cli-npm.heroku.com/isurl/-/isurl-1.0.0/b27f4f49f3cdaa3ea44a0a5b7f3462e6edc39d67.tgz#b27f4f49f3cdaa3ea44a0a5b7f3462e6edc39d67"
  dependencies:
    has-to-string-tag-x "^1.2.0"
    is-object "^1.0.1"

json-buffer@3.0.0:
  version "3.0.0"
  resolved "http://cli-npm.heroku.com/json-buffer/-/json-buffer-3.0.0/5b1f397afc75d677bde8bcfc0e47e1f9a3d9a898.tgz#5b1f397afc75d677bde8bcfc0e47e1f9a3d9a898"

keyv@3.0.0:
  version "3.0.0"
  resolved "http://cli-npm.heroku.com/keyv/-/keyv-3.0.0/44923ba39e68b12a7cec7df6c3268c031f2ef373.tgz#44923ba39e68b12a7cec7df6c3268c031f2ef373"
  dependencies:
    json-buffer "3.0.0"

lex@^1.7.9:
  version "1.7.9"
  resolved "http://cli-npm.heroku.com/lex/-/lex-1.7.9/5d5636ccef574348362938b79a47f0eed8ed0d43/5d5636ccef574348362938b79a47f0eed8ed0d43.tgz#5d5636ccef574348362938b79a47f0eed8ed0d43"

lodash.ary@^4.1.1:
  version "4.1.1"
  resolved "http://cli-npm.heroku.com/lodash.ary/-/lodash.ary-4.1.1/66065fa91bacc7a034d9c8fce52f83d3c7e40212.tgz#66065fa91bacc7a034d9c8fce52f83d3c7e40212"

lodash.defaults@^4.2.0:
  version "4.2.0"
  resolved "http://cli-npm.heroku.com/lodash.defaults/-/lodash.defaults-4.2.0/d09178716ffea4dde9e5fb7b37f6f0802274580c.tgz#d09178716ffea4dde9e5fb7b37f6f0802274580c"

lodash.flatten@4.4.0:
  version "4.4.0"
  resolved "http://cli-npm.heroku.com/lodash.flatten/-/lodash.flatten-4.4.0/f31c22225a9632d2bbf8e4addbef240aa765a61f.tgz#f31c22225a9632d2bbf8e4addbef240aa765a61f"

lodash.get@^4.4.2:
  version "4.4.2"
  resolved "http://cli-npm.heroku.com/lodash.get/-/lodash.get-4.4.2/2d177f652fa31e939b4438d5341499dfa3825e99.tgz#2d177f652fa31e939b4438d5341499dfa3825e99"

lodash.groupby@4.6.0:
  version "4.6.0"
  resolved "http://cli-npm.heroku.com/lodash.groupby/-/lodash.groupby-4.6.0/0b08a1dcf68397c397855c3239783832df7403d1/0b08a1dcf68397c397855c3239783832df7403d1.tgz#0b08a1dcf68397c397855c3239783832df7403d1"

lodash.identity@^3.0.0:
  version "3.0.0"
  resolved "http://cli-npm.heroku.com/lodash.identity/-/lodash.identity-3.0.0/ad7bc6a4e647d79c972e1b80feef7af156267876.tgz#ad7bc6a4e647d79c972e1b80feef7af156267876"

lodash.keys@^4.2.0:
  version "4.2.0"
  resolved "http://cli-npm.heroku.com/lodash.keys/-/lodash.keys-4.2.0/a08602ac12e4fb83f91fc1fb7a360a4d9ba35205.tgz#a08602ac12e4fb83f91fc1fb7a360a4d9ba35205"

lodash.mapvalues@^4.6.0:
  version "4.6.0"
  resolved "http://cli-npm.heroku.com/lodash.mapvalues/-/lodash.mapvalues-4.6.0/1bafa5005de9dd6f4f26668c30ca37230cc9689c.tgz#1bafa5005de9dd6f4f26668c30ca37230cc9689c"

lodash.memoize@4.1.2:
  version "4.1.2"
  resolved "http://cli-npm.heroku.com/lodash.memoize/-/lodash.memoize-4.1.2/bcc6c49a42a2840ed997f323eada5ecd182e0bfe/bcc6c49a42a2840ed997f323eada5ecd182e0bfe.tgz#bcc6c49a42a2840ed997f323eada5ecd182e0bfe"

lodash.merge@4.6.0:
  version "4.6.0"
  resolved "http://cli-npm.heroku.com/lodash.merge/-/lodash.merge-4.6.0/69884ba144ac33fe699737a6086deffadd0f89c5/69884ba144ac33fe699737a6086deffadd0f89c5.tgz#69884ba144ac33fe699737a6086deffadd0f89c5"

lodash.noop@^3.0.1:
  version "3.0.1"
  resolved "http://cli-npm.heroku.com/lodash.noop/-/lodash.noop-3.0.1/38188f4d650a3a474258439b96ec45b32617133c.tgz#38188f4d650a3a474258439b96ec45b32617133c"

lodash.partial@^4.2.1:
  version "4.2.1"
  resolved "http://cli-npm.heroku.com/lodash.partial/-/lodash.partial-4.2.1/49f3d8cfdaa3bff8b3a91d127e923245418961d4.tgz#49f3d8cfdaa3bff8b3a91d127e923245418961d4"

lodash.pickby@^4.6.0:
  version "4.6.0"
  resolved "http://cli-npm.heroku.com/lodash.pickby/-/lodash.pickby-4.6.0/7dea21d8c18d7703a27c704c15d3b84a67e33aff.tgz#7dea21d8c18d7703a27c704c15d3b84a67e33aff"

lodash.property@^4.4.2:
  version "4.4.2"
  resolved "http://cli-npm.heroku.com/lodash.property/-/lodash.property-4.4.2/da07124821c6409d025f30db8df851314515bffe.tgz#da07124821c6409d025f30db8df851314515bffe"

lodash.repeat@^4.1.0:
  version "4.1.0"
  resolved "http://cli-npm.heroku.com/lodash.repeat/-/lodash.repeat-4.1.0/fc7de8131d8c8ac07e4b49f74ffe829d1f2bec44.tgz#fc7de8131d8c8ac07e4b49f74ffe829d1f2bec44"

lodash.result@^4.5.2:
  version "4.5.2"
  resolved "http://cli-npm.heroku.com/lodash.result/-/lodash.result-4.5.2/cb45b27fb914eaa8d8ee6f0ce7b2870b87cb70aa.tgz#cb45b27fb914eaa8d8ee6f0ce7b2870b87cb70aa"

lodash.some@4.6.0:
  version "4.6.0"
  resolved "http://cli-npm.heroku.com/lodash.some/-/lodash.some-4.6.0/1bb9f314ef6b8baded13b549169b2a945eb68e4d.tgz#1bb9f314ef6b8baded13b549169b2a945eb68e4d"

lodash.sortby@4.7.0:
  version "4.7.0"
  resolved "http://cli-npm.heroku.com/lodash.sortby/-/lodash.sortby-4.7.0/edd14c824e2cc9c1e0b0a1b42bb5210516a42438.tgz#edd14c824e2cc9c1e0b0a1b42bb5210516a42438"

lodash.topairs@4.3.0:
  version "4.3.0"
  resolved "http://cli-npm.heroku.com/lodash.topairs/-/lodash.topairs-4.3.0/3b6deaa37d60fb116713c46c5f17ea190ec48d64.tgz#3b6deaa37d60fb116713c46c5f17ea190ec48d64"

lodash.values@4.3.0:
  version "4.3.0"
  resolved "http://cli-npm.heroku.com/lodash.values/-/lodash.values-4.3.0/a3a6c2b0ebecc5c2cba1c17e6e620fe81b53d347.tgz#a3a6c2b0ebecc5c2cba1c17e6e620fe81b53d347"

lodash@4.x:
  version "4.17.4"
  resolved "http://cli-npm.heroku.com/lodash/-/lodash-4.17.4/78203a4d1c328ae1d86dca6460e369b57f4055ae.tgz#78203a4d1c328ae1d86dca6460e369b57f4055ae"

lowercase-keys@1.0.0, lowercase-keys@^1.0.0:
  version "1.0.0"
  resolved "http://cli-npm.heroku.com/lowercase-keys/-/lowercase-keys-1.0.0/4e3366b39e7f5457e35f1324bdf6f88d0bfc7306.tgz#4e3366b39e7f5457e35f1324bdf6f88d0bfc7306"

mimic-response@^1.0.0:
  version "1.0.0"
  resolved "http://cli-npm.heroku.com/mimic-response/-/mimic-response-1.0.0/df3d3652a73fded6b9b0b24146e6fd052353458e.tgz#df3d3652a73fded6b9b0b24146e6fd052353458e"

netrc-parser@^2.0.5:
  version "2.0.5"
  resolved "http://cli-npm.heroku.com/netrc-parser/-/netrc-parser-2.0.5/28484c0f6e47a9f386a0953bcb7b9b55d8a83f9e.tgz#28484c0f6e47a9f386a0953bcb7b9b55d8a83f9e"
  dependencies:
    lex "^1.7.9"

normalize-url@2.0.1:
  version "2.0.1"
  resolved "http://cli-npm.heroku.com/normalize-url/-/normalize-url-2.0.1/835a9da1551fa26f70e92329069a23aa6574d7e6.tgz#835a9da1551fa26f70e92329069a23aa6574d7e6"
  dependencies:
    prepend-http "^2.0.0"
    query-string "^5.0.1"
    sort-keys "^2.0.0"

object-assign@^4.0.1, object-assign@^4.1.0:
  version "4.1.1"
  resolved "http://cli-npm.heroku.com/object-assign/-/object-assign-4.1.1/2109adc7965887cfc05cbbd442cac8bfbb360863.tgz#2109adc7965887cfc05cbbd442cac8bfbb360863"

opn@^3.0.3:
  version "3.0.3"
  resolved "http://cli-npm.heroku.com/opn/-/opn-3.0.3/b6d99e7399f78d65c3baaffef1fb288e9b85243a.tgz#b6d99e7399f78d65c3baaffef1fb288e9b85243a"
  dependencies:
    object-assign "^4.0.1"

p-cancelable@^0.3.0:
  version "0.3.0"
  resolved "http://cli-npm.heroku.com/p-cancelable/-/p-cancelable-0.3.0/b9e123800bcebb7ac13a479be195b507b98d30fa.tgz#b9e123800bcebb7ac13a479be195b507b98d30fa"

p-finally@^1.0.0:
  version "1.0.0"
  resolved "http://cli-npm.heroku.com/p-finally/-/p-finally-1.0.0/3fbcfb15b899a44123b34b6dcc18b724336a2cae.tgz#3fbcfb15b899a44123b34b6dcc18b724336a2cae"

p-is-promise@^1.1.0:
  version "1.1.0"
  resolved "http://cli-npm.heroku.com/p-is-promise/-/p-is-promise-1.1.0/9c9456989e9f6588017b0434d56097675c3da05e.tgz#9c9456989e9f6588017b0434d56097675c3da05e"

p-timeout@^2.0.1:
  version "2.0.1"
  resolved "http://cli-npm.heroku.com/p-timeout/-/p-timeout-2.0.1/d8dd1979595d2dc0139e1fe46b8b646cb3cdf038.tgz#d8dd1979595d2dc0139e1fe46b8b646cb3cdf038"
  dependencies:
    p-finally "^1.0.0"

pify@^3.0.0:
  version "3.0.0"
  resolved "http://cli-npm.heroku.com/pify/-/pify-3.0.0/e5a4acd2c101fdf3d9a4d07f0dbc4db49dd28176.tgz#e5a4acd2c101fdf3d9a4d07f0dbc4db49dd28176"

prepend-http@^2.0.0:
  version "2.0.0"
  resolved "http://cli-npm.heroku.com/prepend-http/-/prepend-http-2.0.0/e92434bfa5ea8c19f41cdfd401d741a3c819d897.tgz#e92434bfa5ea8c19f41cdfd401d741a3c819d897"

printf@0.2.5:
  version "0.2.5"
  resolved "http://cli-npm.heroku.com/printf/-/printf-0.2.5/c438ca2ca33e3927671db4ab69c0e52f936a4f0f.tgz#c438ca2ca33e3927671db4ab69c0e52f936a4f0f"

process-nextick-args@~1.0.6:
  version "1.0.7"
  resolved "http://cli-npm.heroku.com/process-nextick-args/-/process-nextick-args-1.0.7/150e20b756590ad3f91093f25a4f2ad8bff30ba3.tgz#150e20b756590ad3f91093f25a4f2ad8bff30ba3"

query-string@^5.0.1:
  version "5.0.1"
  resolved "http://cli-npm.heroku.com/query-string/-/query-string-5.0.1/6e2b86fe0e08aef682ecbe86e85834765402bd88.tgz#6e2b86fe0e08aef682ecbe86e85834765402bd88"
  dependencies:
    decode-uri-component "^0.2.0"
    object-assign "^4.1.0"
    strict-uri-encode "^1.0.0"

readable-stream@^2.0.0:
  version "2.3.3"
  resolved "http://cli-npm.heroku.com/readable-stream/-/readable-stream-2.3.3/368f2512d79f9d46fdfc71349ae7878bbc1eb95c.tgz#368f2512d79f9d46fdfc71349ae7878bbc1eb95c"
  dependencies:
    core-util-is "~1.0.0"
    inherits "~2.0.3"
    isarray "~1.0.0"
    process-nextick-args "~1.0.6"
    safe-buffer "~5.1.1"
    string_decoder "~1.0.3"
    util-deprecate "~1.0.1"

redeyed@~1.0.0:
  version "1.0.1"
  resolved "http://cli-npm.heroku.com/redeyed/-/redeyed-1.0.1/e96c193b40c0816b00aec842698e61185e55498a.tgz#e96c193b40c0816b00aec842698e61185e55498a"
  dependencies:
    esprima "~3.0.0"

responselike@1.0.2:
  version "1.0.2"
  resolved "http://cli-npm.heroku.com/responselike/-/responselike-1.0.2/918720ef3b631c5642be068f15ade5a46f4ba1e7.tgz#918720ef3b631c5642be068f15ade5a46f4ba1e7"
  dependencies:
    lowercase-keys "^1.0.0"

safe-buffer@^5.0.1, safe-buffer@^5.1.1, safe-buffer@~5.1.0, safe-buffer@~5.1.1:
  version "5.1.1"
  resolved "http://cli-npm.heroku.com/safe-buffer/-/safe-buffer-5.1.1/893312af69b2123def71f57889001671eeb2c853.tgz#893312af69b2123def71f57889001671eeb2c853"

sort-keys@^2.0.0:
  version "2.0.0"
  resolved "http://cli-npm.heroku.com/sort-keys/-/sort-keys-2.0.0/658535584861ec97d730d6cf41822e1f56684128.tgz#658535584861ec97d730d6cf41822e1f56684128"
  dependencies:
    is-plain-obj "^1.0.0"

strict-uri-encode@^1.0.0:
  version "1.1.0"
  resolved "http://cli-npm.heroku.com/strict-uri-encode/-/strict-uri-encode-1.1.0/279b225df1d582b1f54e65addd4352e18faa0713.tgz#279b225df1d582b1f54e65addd4352e18faa0713"

string_decoder@~1.0.3:
  version "1.0.3"
  resolved "http://cli-npm.heroku.com/string_decoder/-/string_decoder-1.0.3/0fc67d7c141825de94282dd536bec6b9bce860ab.tgz#0fc67d7c141825de94282dd536bec6b9bce860ab"
  dependencies:
    safe-buffer "~5.1.0"

strip-ansi@^4.0.0:
  version "4.0.0"
  resolved "http://cli-npm.heroku.com/strip-ansi/-/strip-ansi-4.0.0/a8479022eb1ac368a871389b635262c505ee368f.tgz#a8479022eb1ac368a871389b635262c505ee368f"
  dependencies:
    ansi-regex "^3.0.0"

supports-color@^4.0.0:
  version "4.5.0"
  resolved "http://cli-npm.heroku.com/supports-color/-/supports-color-4.5.0/be7a0de484dec5c5cddf8b3d59125044912f635b.tgz#be7a0de484dec5c5cddf8b3d59125044912f635b"
  dependencies:
    has-flag "^2.0.0"

supports-color@^5.1.0:
  version "5.1.0"
  resolved "http://cli-npm.heroku.com/supports-color/-/supports-color-5.1.0/058a021d1b619f7ddf3980d712ea3590ce7de3d5.tgz#058a021d1b619f7ddf3980d712ea3590ce7de3d5"
  dependencies:
    has-flag "^2.0.0"

timed-out@^4.0.1:
  version "4.0.1"
  resolved "http://cli-npm.heroku.com/timed-out/-/timed-out-4.0.1/f32eacac5a175bea25d7fab565ab3ed8741ef56f/f32eacac5a175bea25d7fab565ab3ed8741ef56f.tgz#f32eacac5a175bea25d7fab565ab3ed8741ef56f"

tunnel-agent@^0.6.0:
  version "0.6.0"
  resolved "http://cli-npm.heroku.com/tunnel-agent/-/tunnel-agent-0.6.0/27a5dea06b36b04a0a9966774b290868f0fc40fd.tgz#27a5dea06b36b04a0a9966774b290868f0fc40fd"
  dependencies:
    safe-buffer "^5.0.1"

url-parse-lax@^3.0.0:
  version "3.0.0"
  resolved "http://cli-npm.heroku.com/url-parse-lax/-/url-parse-lax-3.0.0/16b5cafc07dbe3676c1b1999177823d6503acb0c.tgz#16b5cafc07dbe3676c1b1999177823d6503acb0c"
  dependencies:
    prepend-http "^2.0.0"

url-to-options@^1.0.1:
  version "1.0.1"
  resolved "http://cli-npm.heroku.com/url-to-options/-/url-to-options-1.0.1/1505a03a289a48cbd7a434efbaeec5055f5633a9.tgz#1505a03a289a48cbd7a434efbaeec5055f5633a9"

util-deprecate@~1.0.1:
  version "1.0.2"
  resolved "http://cli-npm.heroku.com/util-deprecate/-/util-deprecate-1.0.2/450d4dc9fa70de732762fbd2d4a28981419a0ccf/450d4dc9fa70de732762fbd2d4a28981419a0ccf.tgz#450d4dc9fa70de732762fbd2d4a28981419a0ccf"
